
Microsoft Visual Studio Solution File, Format Version 12.00
# Visual Studio 14
VisualStudioVersion = 14.0.25420.1
MinimumVisualStudioVersion = 10.0.40219.1
Project("{FAE04EC0-301F-11D3-BF4B-00C04F79EFBC}") = "MerQure", "MerQure\MerQure.csproj", "{E38F2572-D955-475B-A79A-DE4E9A607A87}"
EndProject
Project("{FAE04EC0-301F-11D3-BF4B-00C04F79EFBC}") = "MerQure.Samples", "MerQure.Samples\MerQure.Samples.csproj", "{8CF78FAA-B2A3-436D-B466-3F5A0558C88F}"
EndProject
Project("{FAE04EC0-301F-11D3-BF4B-00C04F79EFBC}") = "MerQure.RbMQ", "MerQure.RbMQ\MerQure.RbMQ.csproj", "{13D74416-5AD3-473E-8A99-19D3A713A1DA}"
EndProject
Global
	GlobalSection(SolutionConfigurationPlatforms) = preSolution
		Debug|Any CPU = Debug|Any CPU
		Release|Any CPU = Release|Any CPU
	EndGlobalSection
	GlobalSection(ProjectConfigurationPlatforms) = postSolution
		{E38F2572-D955-475B-A79A-DE4E9A607A87}.Debug|Any CPU.ActiveCfg = Debug|Any CPU
		{E38F2572-D955-475B-A79A-DE4E9A607A87}.Debug|Any CPU.Build.0 = Debug|Any CPU
		{E38F2572-D955-475B-A79A-DE4E9A607A87}.Release|Any CPU.ActiveCfg = Release|Any CPU
		{E38F2572-D955-475B-A79A-DE4E9A607A87}.Release|Any CPU.Build.0 = Release|Any CPU
		{8CF78FAA-B2A3-436D-B466-3F5A0558C88F}.Debug|Any CPU.ActiveCfg = Debug|Any CPU
		{8CF78FAA-B2A3-436D-B466-3F5A0558C88F}.Debug|Any CPU.Build.0 = Debug|Any CPU
		{8CF78FAA-B2A3-436D-B466-3F5A0558C88F}.Release|Any CPU.ActiveCfg = Release|Any CPU
		{8CF78FAA-B2A3-436D-B466-3F5A0558C88F}.Release|Any CPU.Build.0 = Release|Any CPU
		{13D74416-5AD3-473E-8A99-19D3A713A1DA}.Debug|Any CPU.ActiveCfg = Debug|Any CPU
		{13D74416-5AD3-473E-8A99-19D3A713A1DA}.Debug|Any CPU.Build.0 = Debug|Any CPU
		{13D74416-5AD3-473E-8A99-19D3A713A1DA}.Release|Any CPU.ActiveCfg = Release|Any CPU
		{13D74416-5AD3-473E-8A99-19D3A713A1DA}.Release|Any CPU.Build.0 = Release|Any CPU
	EndGlobalSection
	GlobalSection(SolutionProperties) = preSolution
		HideSolutionNode = FALSE
	EndGlobalSection
EndGlobal
