
Microsoft Visual Studio Solution File, Format Version 12.00
# Visual Studio 15
VisualStudioVersion = 15.0.26730.3
MinimumVisualStudioVersion = 10.0.40219.1
Project("{FAE04EC0-301F-11D3-BF4B-00C04F79EFBC}") = "MerQure", "MerQure\MerQure.csproj", "{E38F2572-D955-475B-A79A-DE4E9A607A87}"
EndProject
Project("{FAE04EC0-301F-11D3-BF4B-00C04F79EFBC}") = "MerQure.Samples", "MerQure.Samples\MerQure.Samples.csproj", "{8CF78FAA-B2A3-436D-B466-3F5A0558C88F}"
EndProject
Project("{FAE04EC0-301F-11D3-BF4B-00C04F79EFBC}") = "MerQure.RbMQ", "MerQure.RbMQ\MerQure.RbMQ.csproj", "{13D74416-5AD3-473E-8A99-19D3A713A1DA}"
EndProject
Project("{FAE04EC0-301F-11D3-BF4B-00C04F79EFBC}") = "MerQure.RbMQ.Tests", "MerQure.RbMQ.Tests\MerQure.RbMQ.Tests.csproj", "{2DD39235-C182-4E94-B9BD-6BEAF38808C6}"
EndProject
Project("{2150E333-8FDC-42A3-9474-1A3956D46DE8}") = "SonarQube", "SonarQube", "{C6E07FC0-AD11-4FE0-8281-D001373EE9F8}"
	ProjectSection(SolutionItems) = preProject
		SonarQube\MerQureCSharp.ruleset = SonarQube\MerQureCSharp.ruleset
		SonarQube\SolutionBinding.sqconfig = SonarQube\SolutionBinding.sqconfig
	EndProjectSection
EndProject
Project("{FAE04EC0-301F-11D3-BF4B-00C04F79EFBC}") = "MerQure.Tools.Samples", "MerQure.Tools.Samples\MerQure.Tools.Samples.csproj", "{A3CBDD3F-4AA1-474A-944B-14BFFFA02A59}"
EndProject
Project("{FAE04EC0-301F-11D3-BF4B-00C04F79EFBC}") = "MerQure.Tools.Tests", "MerQure.Tools.Tests\MerQure.Tools.Tests.csproj", "{56BC7FDC-8631-4A15-BFD2-D0C369AE48BE}"
EndProject
Project("{FAE04EC0-301F-11D3-BF4B-00C04F79EFBC}") = "MerQure.Tools", "MerQure.Tools\MerQure.Tools.csproj", "{0369706F-A6BD-4D5C-98C4-E8C5A816A066}"
EndProject
Global
	GlobalSection(SolutionConfigurationPlatforms) = preSolution
		Debug|Any CPU = Debug|Any CPU
		Release|Any CPU = Release|Any CPU
	EndGlobalSection
	GlobalSection(ProjectConfigurationPlatforms) = postSolution
		{E38F2572-D955-475B-A79A-DE4E9A607A87}.Debug|Any CPU.ActiveCfg = Debug|Any CPU
		{E38F2572-D955-475B-A79A-DE4E9A607A87}.Debug|Any CPU.Build.0 = Debug|Any CPU
		{E38F2572-D955-475B-A79A-DE4E9A607A87}.Release|Any CPU.ActiveCfg = Release|Any CPU
		{E38F2572-D955-475B-A79A-DE4E9A607A87}.Release|Any CPU.Build.0 = Release|Any CPU
		{8CF78FAA-B2A3-436D-B466-3F5A0558C88F}.Debug|Any CPU.ActiveCfg = Debug|Any CPU
		{8CF78FAA-B2A3-436D-B466-3F5A0558C88F}.Debug|Any CPU.Build.0 = Debug|Any CPU
		{8CF78FAA-B2A3-436D-B466-3F5A0558C88F}.Release|Any CPU.ActiveCfg = Release|Any CPU
		{8CF78FAA-B2A3-436D-B466-3F5A0558C88F}.Release|Any CPU.Build.0 = Release|Any CPU
		{13D74416-5AD3-473E-8A99-19D3A713A1DA}.Debug|Any CPU.ActiveCfg = Debug|Any CPU
		{13D74416-5AD3-473E-8A99-19D3A713A1DA}.Debug|Any CPU.Build.0 = Debug|Any CPU
		{13D74416-5AD3-473E-8A99-19D3A713A1DA}.Release|Any CPU.ActiveCfg = Release|Any CPU
		{13D74416-5AD3-473E-8A99-19D3A713A1DA}.Release|Any CPU.Build.0 = Release|Any CPU
		{2DD39235-C182-4E94-B9BD-6BEAF38808C6}.Debug|Any CPU.ActiveCfg = Debug|Any CPU
		{2DD39235-C182-4E94-B9BD-6BEAF38808C6}.Debug|Any CPU.Build.0 = Debug|Any CPU
		{2DD39235-C182-4E94-B9BD-6BEAF38808C6}.Release|Any CPU.ActiveCfg = Release|Any CPU
		{2DD39235-C182-4E94-B9BD-6BEAF38808C6}.Release|Any CPU.Build.0 = Release|Any CPU
		{A3CBDD3F-4AA1-474A-944B-14BFFFA02A59}.Debug|Any CPU.ActiveCfg = Debug|Any CPU
		{A3CBDD3F-4AA1-474A-944B-14BFFFA02A59}.Debug|Any CPU.Build.0 = Debug|Any CPU
		{A3CBDD3F-4AA1-474A-944B-14BFFFA02A59}.Release|Any CPU.ActiveCfg = Release|Any CPU
		{A3CBDD3F-4AA1-474A-944B-14BFFFA02A59}.Release|Any CPU.Build.0 = Release|Any CPU
		{56BC7FDC-8631-4A15-BFD2-D0C369AE48BE}.Debug|Any CPU.ActiveCfg = Debug|Any CPU
		{56BC7FDC-8631-4A15-BFD2-D0C369AE48BE}.Debug|Any CPU.Build.0 = Debug|Any CPU
		{56BC7FDC-8631-4A15-BFD2-D0C369AE48BE}.Release|Any CPU.ActiveCfg = Release|Any CPU
		{56BC7FDC-8631-4A15-BFD2-D0C369AE48BE}.Release|Any CPU.Build.0 = Release|Any CPU
		{0369706F-A6BD-4D5C-98C4-E8C5A816A066}.Debug|Any CPU.ActiveCfg = Debug|Any CPU
		{0369706F-A6BD-4D5C-98C4-E8C5A816A066}.Debug|Any CPU.Build.0 = Debug|Any CPU
		{0369706F-A6BD-4D5C-98C4-E8C5A816A066}.Release|Any CPU.ActiveCfg = Release|Any CPU
		{0369706F-A6BD-4D5C-98C4-E8C5A816A066}.Release|Any CPU.Build.0 = Release|Any CPU
	EndGlobalSection
	GlobalSection(SolutionProperties) = preSolution
		HideSolutionNode = FALSE
	EndGlobalSection
	GlobalSection(ExtensibilityGlobals) = postSolution
		SolutionGuid = {7B8E8CFA-A2E0-489A-891F-1BEFC07FD335}
	EndGlobalSection
EndGlobal
